// !$*UTF8*$!
{
	archiveVersion = 1;
	classes = {
	};
	objectVersion = 50;
	objects = {

/* Begin PBXBuildFile section */
		683391D923EAB9AA007C0DAD /* AppDelegate.swift in Sources */ = {isa = PBXBuildFile; fileRef = 683391D823EAB9AA007C0DAD /* AppDelegate.swift */; };
		683391DB23EAB9AA007C0DAD /* SceneDelegate.swift in Sources */ = {isa = PBXBuildFile; fileRef = 683391DA23EAB9AA007C0DAD /* SceneDelegate.swift */; };
		683391DD23EAB9AA007C0DAD /* ViewController.swift in Sources */ = {isa = PBXBuildFile; fileRef = 683391DC23EAB9AA007C0DAD /* ViewController.swift */; };
		683391E023EAB9AA007C0DAD /* Main.storyboard in Resources */ = {isa = PBXBuildFile; fileRef = 683391DE23EAB9AA007C0DAD /* Main.storyboard */; };
		683391E223EAB9AB007C0DAD /* Assets.xcassets in Resources */ = {isa = PBXBuildFile; fileRef = 683391E123EAB9AB007C0DAD /* Assets.xcassets */; };
		683391E523EAB9AB007C0DAD /* LaunchScreen.storyboard in Resources */ = {isa = PBXBuildFile; fileRef = 683391E323EAB9AB007C0DAD /* LaunchScreen.storyboard */; };
/* End PBXBuildFile section */

/* Begin PBXFileReference section */
		683391D523EAB9AA007C0DAD /* GitHub0205-2.app */ = {isa = PBXFileReference; explicitFileType = wrapper.application; includeInIndex = 0; path = "GitHub0205-2.app"; sourceTree = BUILT_PRODUCTS_DIR; };
		683391D823EAB9AA007C0DAD /* AppDelegate.swift */ = {isa = PBXFileReference; lastKnownFileType = sourcecode.swift; path = AppDelegate.swift; sourceTree = "<group>"; };
		683391DA23EAB9AA007C0DAD /* SceneDelegate.swift */ = {isa = PBXFileReference; lastKnownFileType = sourcecode.swift; path = SceneDelegate.swift; sourceTree = "<group>"; };
		683391DC23EAB9AA007C0DAD /* ViewController.swift */ = {isa = PBXFileReference; lastKnownFileType = sourcecode.swift; path = ViewController.swift; sourceTree = "<group>"; };
		683391DF23EAB9AA007C0DAD /* Base */ = {isa = PBXFileReference; lastKnownFileType = file.storyboard; name = Base; path = Base.lproj/Main.storyboard; sourceTree = "<group>"; };
		683391E123EAB9AB007C0DAD /* Assets.xcassets */ = {isa = PBXFileReference; lastKnownFileType = folder.assetcatalog; path = Assets.xcassets; sourceTree = "<group>"; };
		683391E423EAB9AB007C0DAD /* Base */ = {isa = PBXFileReference; lastKnownFileType = file.storyboard; name = Base; path = Base.lproj/LaunchScreen.storyboard; sourceTree = "<group>"; };
		683391E623EAB9AB007C0DAD /* Info.plist */ = {isa = PBXFileReference; lastKnownFileType = text.plist.xml; path = Info.plist; sourceTree = "<group>"; };
/* End PBXFileReference section */

/* Begin PBXFrameworksBuildPhase section */
		683391D223EAB9AA007C0DAD /* Frameworks */ = {
			isa = PBXFrameworksBuildPhase;
			buildActionMask = 2147483647;
			files = (
			);
			runOnlyForDeploymentPostprocessing = 0;
		};
/* End PBXFrameworksBuildPhase section */

/* Begin PBXGroup section */
		683391CC23EAB9AA007C0DAD = {
			isa = PBXGroup;
			children = (
				683391D723EAB9AA007C0DAD /* GitHub0205-2 */,
				683391D623EAB9AA007C0DAD /* Products */,
			);
			sourceTree = "<group>";
		};
		683391D623EAB9AA007C0DAD /* Products */ = {
			isa = PBXGroup;
			children = (
				683391D523EAB9AA007C0DAD /* GitHub0205-2.app */,
			);
			name = Products;
			sourceTree = "<group>";
		};
		683391D723EAB9AA007C0DAD /* GitHub0205-2 */ = {
			isa = PBXGroup;
			children = (
				683391D823EAB9AA007C0DAD /* AppDelegate.swift */,
				683391DA23EAB9AA007C0DAD /* SceneDelegate.swift */,
				683391DC23EAB9AA007C0DAD /* ViewController.swift */,
				683391DE23EAB9AA007C0DAD /* Main.storyboard */,
				683391E123EAB9AB007C0DAD /* Assets.xcassets */,
				683391E323EAB9AB007C0DAD /* LaunchScreen.storyboard */,
				683391E623EAB9AB007C0DAD /* Info.plist */,
			);
			path = "GitHub0205-2";
			sourceTree = "<group>";
		};
/* End PBXGroup section */

/* Begin PBXNativeTarget section */
		683391D423EAB9AA007C0DAD /* GitHub0205-2 */ = {
			isa = PBXNativeTarget;
			buildConfigurationList = 683391E923EAB9AB007C0DAD /* Build configuration list for PBXNativeTarget "GitHub0205-2" */;
			buildPhases = (
				683391D123EAB9AA007C0DAD /* Sources */,
				683391D223EAB9AA007C0DAD /* Frameworks */,
				683391D323EAB9AA007C0DAD /* Resources */,
			);
			buildRules = (
			);
			dependencies = (
			);
			name = "GitHub0205-2";
			productName = "GitHub0205-2";
			productReference = 683391D523EAB9AA007C0DAD /* GitHub0205-2.app */;
			productType = "com.apple.product-type.application";
		};
/* End PBXNativeTarget section */

/* Begin PBXProject section */
		683391CD23EAB9AA007C0DAD /* Project object */ = {
			isa = PBXProject;
			attributes = {
				LastSwiftUpdateCheck = 1120;
				LastUpgradeCheck = 1120;
				ORGANIZATIONNAME = noha.kazuma;
				TargetAttributes = {
					683391D423EAB9AA007C0DAD = {
						CreatedOnToolsVersion = 11.2.1;
					};
				};
			};
			buildConfigurationList = 683391D023EAB9AA007C0DAD /* Build configuration list for PBXProject "GitHub0205-2" */;
			compatibilityVersion = "Xcode 9.3";
			developmentRegion = en;
			hasScannedForEncodings = 0;
			knownRegions = (
				en,
				Base,
			);
			mainGroup = 683391CC23EAB9AA007C0DAD;
			productRefGroup = 683391D623EAB9AA007C0DAD /* Products */;
			projectDirPath = "";
			projectRoot = "";
			targets = (
				683391D423EAB9AA007C0DAD /* GitHub0205-2 */,
			);
		};
/* End PBXProject section */

/* Begin PBXResourcesBuildPhase section */
		683391D323EAB9AA007C0DAD /* Resources */ = {
			isa = PBXResourcesBuildPhase;
			buildActionMask = 2147483647;
			files = (
				683391E523EAB9AB007C0DAD /* LaunchScreen.storyboard in Resources */,
				683391E223EAB9AB007C0DAD /* Assets.xcassets in Resources */,
				683391E023EAB9AA007C0DAD /* Main.storyboard in Resources */,
			);
			runOnlyForDeploymentPostprocessing = 0;
		};
/* End PBXResourcesBuildPhase section */

/* Begin PBXSourcesBuildPhase section */
		683391D123EAB9AA007C0DAD /* Sources */ = {
			isa = PBXSourcesBuildPhase;
			buildActionMask = 2147483647;
			files = (
				683391DD23EAB9AA007C0DAD /* ViewController.swift in Sources */,
				683391D923EAB9AA007C0DAD /* AppDelegate.swift in Sources */,
				683391DB23EAB9AA007C0DAD /* SceneDelegate.swift in Sources */,
			);
			runOnlyForDeploymentPostprocessing = 0;
		};
/* End PBXSourcesBuildPhase section */

/* Begin PBXVariantGroup section */
		683391DE23EAB9AA007C0DAD /* Main.storyboard */ = {
			isa = PBXVariantGroup;
			children = (
				683391DF23EAB9AA007C0DAD /* Base */,
			);
			name = Main.storyboard;
			sourceTree = "<group>";
		};
		683391E323EAB9AB007C0DAD /* LaunchScreen.storyboard */ = {
			isa = PBXVariantGroup;
			children = (
				683391E423EAB9AB007C0DAD /* Base */,
			);
			name = LaunchScreen.storyboard;
			sourceTree = "<group>";
		};
/* End PBXVariantGroup section */

/* Begin XCBuildConfiguration section */
		683391E723EAB9AB007C0DAD /* Debug */ = {
			isa = XCBuildConfiguration;
			buildSettings = {
				ALWAYS_SEARCH_USER_PATHS = NO;
				CLANG_ANALYZER_NONNULL = YES;
				CLANG_ANALYZER_NUMBER_OBJECT_CONVERSION = YES_AGGRESSIVE;
				CLANG_CXX_LANGUAGE_STANDARD = "gnu++14";
				CLANG_CXX_LIBRARY = "libc++";
				CLANG_ENABLE_MODULES = YES;
				CLANG_ENABLE_OBJC_ARC = YES;
				CLANG_ENABLE_OBJC_WEAK = YES;
				CLANG_WARN_BLOCK_CAPTURE_AUTORELEASING = YES;
				CLANG_WARN_BOOL_CONVERSION = YES;
				CLANG_WARN_COMMA = YES;
				CLANG_WARN_CONSTANT_CONVERSION = YES;
				CLANG_WARN_DEPRECATED_OBJC_IMPLEMENTATIONS = YES;
				CLANG_WARN_DIRECT_OBJC_ISA_USAGE = YES_ERROR;
				CLANG_WARN_DOCUMENTATION_COMMENTS = YES;
				CLANG_WARN_EMPTY_BODY = YES;
				CLANG_WARN_ENUM_CONVERSION = YES;
				CLANG_WARN_INFINITE_RECURSION = YES;
				CLANG_WARN_INT_CONVERSION = YES;
				CLANG_WARN_NON_LITERAL_NULL_CONVERSION = YES;
				CLANG_WARN_OBJC_IMPLICIT_RETAIN_SELF = YES;
				CLANG_WARN_OBJC_LITERAL_CONVERSION = YES;
				CLANG_WARN_OBJC_ROOT_CLASS = YES_ERROR;
				CLANG_WARN_RANGE_LOOP_ANALYSIS = YES;
				CLANG_WARN_STRICT_PROTOTYPES = YES;
				CLANG_WARN_SUSPICIOUS_MOVE = YES;
				CLANG_WARN_UNGUARDED_AVAILABILITY = YES_AGGRESSIVE;
				CLANG_WARN_UNREACHABLE_CODE = YES;
				CLANG_WARN__DUPLICATE_METHOD_MATCH = YES;
				COPY_PHASE_STRIP = NO;
				DEBUG_INFORMATION_FORMAT = dwarf;
				ENABLE_STRICT_OBJC_MSGSEND = YES;
				ENABLE_TESTABILITY = YES;
				GCC_C_LANGUAGE_STANDARD = gnu11;
				GCC_DYNAMIC_NO_PIC = NO;
				GCC_NO_COMMON_BLOCKS = YES;
				GCC_OPTIMIZATION_LEVEL = 0;
				GCC_PREPROCESSOR_DEFINITIONS = (
					"DEBUG=1",
					"$(inherited)",
				);
				GCC_WARN_64_TO_32_BIT_CONVERSION = YES;
				GCC_WARN_ABOUT_RETURN_TYPE = YES_ERROR;
				GCC_WARN_UNDECLARED_SELECTOR = YES;
				GCC_WARN_UNINITIALIZED_AUTOS = YES_AGGRESSIVE;
				GCC_WARN_UNUSED_FUNCTION = YES;
				GCC_WARN_UNUSED_VARIABLE = YES;
				IPHONEOS_DEPLOYMENT_TARGET = 13.2;
				MTL_ENABLE_DEBUG_INFO = INCLUDE_SOURCE;
				MTL_FAST_MATH = YES;
				ONLY_ACTIVE_ARCH = YES;
				SDKROOT = iphoneos;
				SWIFT_ACTIVE_COMPILATION_CONDITIONS = DEBUG;
				SWIFT_OPTIMIZATION_LEVEL = "-Onone";
			};
			name = Debug;
		};
		683391E823EAB9AB007C0DAD /* Release */ = {
			isa = XCBuildConfiguration;
			buildSettings = {
				ALWAYS_SEARCH_USER_PATHS = NO;
				CLANG_ANALYZER_NONNULL = YES;
				CLANG_ANALYZER_NUMBER_OBJECT_CONVERSION = YES_AGGRESSIVE;
				CLANG_CXX_LANGUAGE_STANDARD = "gnu++14";
				CLANG_CXX_LIBRARY = "libc++";
				CLANG_ENABLE_MODULES = YES;
				CLANG_ENABLE_OBJC_ARC = YES;
				CLANG_ENABLE_OBJC_WEAK = YES;
				CLANG_WARN_BLOCK_CAPTURE_AUTORELEASING = YES;
				CLANG_WARN_BOOL_CONVERSION = YES;
				CLANG_WARN_COMMA = YES;
				CLANG_WARN_CONSTANT_CONVERSION = YES;
				CLANG_WARN_DEPRECATED_OBJC_IMPLEMENTATIONS = YES;
				CLANG_WARN_DIRECT_OBJC_ISA_USAGE = YES_ERROR;
				CLANG_WARN_DOCUMENTATION_COMMENTS = YES;
				CLANG_WARN_EMPTY_BODY = YES;
				CLANG_WARN_ENUM_CONVERSION = YES;
				CLANG_WARN_INFINITE_RECURSION = YES;
				CLANG_WARN_INT_CONVERSION = YES;
				CLANG_WARN_NON_LITERAL_NULL_CONVERSION = YES;
				CLANG_WARN_OBJC_IMPLICIT_RETAIN_SELF = YES;
				CLANG_WARN_OBJC_LITERAL_CONVERSION = YES;
				CLANG_WARN_OBJC_ROOT_CLASS = YES_ERROR;
				CLANG_WARN_RANGE_LOOP_ANALYSIS = YES;
				CLANG_WARN_STRICT_PROTOTYPES = YES;
				CLANG_WARN_SUSPICIOUS_MOVE = YES;
				CLANG_WARN_UNGUARDED_AVAILABILITY = YES_AGGRESSIVE;
				CLANG_WARN_UNREACHABLE_CODE = YES;
				CLANG_WARN__DUPLICATE_METHOD_MATCH = YES;
				COPY_PHASE_STRIP = NO;
				DEBUG_INFORMATION_FORMAT = "dwarf-with-dsym";
				ENABLE_NS_ASSERTIONS = NO;
				ENABLE_STRICT_OBJC_MSGSEND = YES;
				GCC_C_LANGUAGE_STANDARD = gnu11;
				GCC_NO_COMMON_BLOCKS = YES;
				GCC_WARN_64_TO_32_BIT_CONVERSION = YES;
				GCC_WARN_ABOUT_RETURN_TYPE = YES_ERROR;
				GCC_WARN_UNDECLARED_SELECTOR = YES;
				GCC_WARN_UNINITIALIZED_AUTOS = YES_AGGRESSIVE;
				GCC_WARN_UNUSED_FUNCTION = YES;
				GCC_WARN_UNUSED_VARIABLE = YES;
				IPHONEOS_DEPLOYMENT_TARGET = 13.2;
				MTL_ENABLE_DEBUG_INFO = NO;
				MTL_FAST_MATH = YES;
				SDKROOT = iphoneos;
				SWIFT_COMPILATION_MODE = wholemodule;
				SWIFT_OPTIMIZATION_LEVEL = "-O";
				VALIDATE_PRODUCT = YES;
			};
			name = Release;
		};
		683391EA23EAB9AB007C0DAD /* Debug */ = {
			isa = XCBuildConfiguration;
			buildSettings = {
				ASSETCATALOG_COMPILER_APPICON_NAME = AppIcon;
				CODE_SIGN_STYLE = Automatic;
				INFOPLIST_FILE = "GitHub0205-2/Info.plist";
				LD_RUNPATH_SEARCH_PATHS = (
					"$(inherited)",
					"@executable_path/Frameworks",
				);
				PRODUCT_BUNDLE_IDENTIFIER = "com.NohaGitHubTest0205.GitHub0205-2";
				PRODUCT_NAME = "$(TARGET_NAME)";
				SWIFT_VERSION = 5.0;
				TARGETED_DEVICE_FAMILY = "1,2";
			};
			name = Debug;
		};
		683391EB23EAB9AB007C0DAD /* Release */ = {
			isa = XCBuildConfiguration;
			buildSettings = {
				ASSETCATALOG_COMPILER_APPICON_NAME = AppIcon;
				CODE_SIGN_STYLE = Automatic;
				INFOPLIST_FILE = "GitHub0205-2/Info.plist";
				LD_RUNPATH_SEARCH_PATHS = (
					"$(inherited)",
					"@executable_path/Frameworks",
				);
				PRODUCT_BUNDLE_IDENTIFIER = "com.NohaGitHubTest0205.GitHub0205-2";
				PRODUCT_NAME = "$(TARGET_NAME)";
				SWIFT_VERSION = 5.0;
				TARGETED_DEVICE_FAMILY = "1,2";
			};
			name = Release;
		};
/* End XCBuildConfiguration section */

/* Begin XCConfigurationList section */
		683391D023EAB9AA007C0DAD /* Build configuration list for PBXProject "GitHub0205-2" */ = {
			isa = XCConfigurationList;
			buildConfigurations = (
				683391E723EAB9AB007C0DAD /* Debug */,
				683391E823EAB9AB007C0DAD /* Release */,
			);
			defaultConfigurationIsVisible = 0;
			defaultConfigurationName = Release;
		};
		683391E923EAB9AB007C0DAD /* Build configuration list for PBXNativeTarget "GitHub0205-2" */ = {
			isa = XCConfigurationList;
			buildConfigurations = (
				683391EA23EAB9AB007C0DAD /* Debug */,
				683391EB23EAB9AB007C0DAD /* Release */,
			);
			defaultConfigurationIsVisible = 0;
			defaultConfigurationName = Release;
		};
/* End XCConfigurationList section */
	};
	rootObject = 683391CD23EAB9AA007C0DAD /* Project object */;
}
